# THIS IS AN AUTOGENERATED FILE. DO NOT EDIT THIS FILE DIRECTLY.
# yarn lockfile v1


string-format@^2.0.0:
  version "2.0.0"
  resolved "https://registry.yarnpkg.com/string-format/-/string-format-2.0.0.tgz#f2df2e7097440d3b65de31b6d40d54c96eaffb9b"
  integrity sha512-bbEs3scLeYNXLecRRuk6uJxdXUSj6le/8rNPHChIJTn2V79aXVTR1EH2OH5zLKKoz0V02fOUKZZcw01pLUShZA==
